
Microsoft Visual Studio Solution File, Format Version 12.00
# Visual Studio Version 17
VisualStudioVersion = 17.0.31903.59
MinimumVisualStudioVersion = 10.0.40219.1
Project("{FAE04EC0-301F-11D3-BF4B-00C04F79EFBC}") = "PenumbraOrganizer.Plugin", "PenumbraOrganizer.Plugin\PenumbraOrganizer.Plugin.csproj", "{B7C6CA7E-32CD-44FD-937F-358136683212}"
EndProject
Project("{FAE04EC0-301F-11D3-BF4B-00C04F79EFBC}") = "PenumbraOrganizer.Plugin.Tests", "PenumbraOrganizer.Plugin.Tests\PenumbraOrganizer.Plugin.Tests.csproj", "{E5420276-2935-4E74-B60E-2565F7BEFE75}"
EndProject
Global
	GlobalSection(SolutionConfigurationPlatforms) = preSolution
		Debug|x64 = Debug|x64
		Debug|Any CPU = Debug|Any CPU
		Debug|x86 = Debug|x86
		Release|x64 = Release|x64
		Release|Any CPU = Release|Any CPU
		Release|x86 = Release|x86
	EndGlobalSection
	GlobalSection(ProjectConfigurationPlatforms) = postSolution
		{B7C6CA7E-32CD-44FD-937F-358136683212}.Debug|x64.ActiveCfg = Debug|x64
		{B7C6CA7E-32CD-44FD-937F-358136683212}.Debug|x64.Build.0 = Debug|x64
		{B7C6CA7E-32CD-44FD-937F-358136683212}.Debug|Any CPU.ActiveCfg = Debug|Any CPU
		{B7C6CA7E-32CD-44FD-937F-358136683212}.Debug|Any CPU.Build.0 = Debug|Any CPU
		{B7C6CA7E-32CD-44FD-937F-358136683212}.Debug|x86.ActiveCfg = Debug|Any CPU
		{B7C6CA7E-32CD-44FD-937F-358136683212}.Debug|x86.Build.0 = Debug|Any CPU
		{B7C6CA7E-32CD-44FD-937F-358136683212}.Release|x64.ActiveCfg = Release|x64
		{B7C6CA7E-32CD-44FD-937F-358136683212}.Release|x64.Build.0 = Release|x64
		{B7C6CA7E-32CD-44FD-937F-358136683212}.Release|Any CPU.ActiveCfg = Release|Any CPU
		{B7C6CA7E-32CD-44FD-937F-358136683212}.Release|Any CPU.Build.0 = Release|Any CPU
		{B7C6CA7E-32CD-44FD-937F-358136683212}.Release|x86.ActiveCfg = Release|Any CPU
		{B7C6CA7E-32CD-44FD-937F-358136683212}.Release|x86.Build.0 = Release|Any CPU
		{E5420276-2935-4E74-B60E-2565F7BEFE75}.Debug|x64.ActiveCfg = Debug|Any CPU
		{E5420276-2935-4E74-B60E-2565F7BEFE75}.Debug|x64.Build.0 = Debug|Any CPU
		{E5420276-2935-4E74-B60E-2565F7BEFE75}.Debug|Any CPU.ActiveCfg = Debug|Any CPU
		{E5420276-2935-4E74-B60E-2565F7BEFE75}.Debug|Any CPU.Build.0 = Debug|Any CPU
		{E5420276-2935-4E74-B60E-2565F7BEFE75}.Debug|x86.ActiveCfg = Debug|Any CPU
		{E5420276-2935-4E74-B60E-2565F7BEFE75}.Debug|x86.Build.0 = Debug|Any CPU
		{E5420276-2935-4E74-B60E-2565F7BEFE75}.Release|x64.ActiveCfg = Release|Any CPU
		{E5420276-2935-4E74-B60E-2565F7BEFE75}.Release|x64.Build.0 = Release|Any CPU
		{E5420276-2935-4E74-B60E-2565F7BEFE75}.Release|Any CPU.ActiveCfg = Release|Any CPU
		{E5420276-2935-4E74-B60E-2565F7BEFE75}.Release|Any CPU.Build.0 = Release|Any CPU
		{E5420276-2935-4E74-B60E-2565F7BEFE75}.Release|x86.ActiveCfg = Release|Any CPU
		{E5420276-2935-4E74-B60E-2565F7BEFE75}.Release|x86.Build.0 = Release|Any CPU
	EndGlobalSection
	GlobalSection(SolutionProperties) = preSolution
		HideSolutionNode = FALSE
	EndGlobalSection
EndGlobal
