{
  "version": 1,
  "dependencies": {
    "net10.0-windows7.0": {
      "AngleSharp": {
        "type": "Direct",
        "requested": "[1.5.2, )",
        "resolved": "1.5.2",
        "contentHash": "LVZ7rrr6GHbhERhTgVDarVygl1e6KwE96pronA90LBOMacDhxR4lB+xYLjn/vlnUu+xbOB2RM9fuCPEx5bdyWA=="
      },
      "ClosedXML": {
        "type": "Direct",
        "requested": "[0.104.2, )",
        "resolved": "0.104.2",
        "contentHash": "gOkSjQ152MhpKmw70cBkJV+FnaZAWzDwM36luRf/7FlWYnNeH++9XYdGTd0Y4KQlVPkKVxy948M5MMsnsGC4GQ==",
        "dependencies": {
          "ClosedXML.Parser": "[1.2.0, 2.0.0)",
          "DocumentFormat.OpenXml": "[3.1.1, 4.0.0)",
          "ExcelNumberFormat": "1.1.0",
          "RBush": "4.0.0",
          "SixLabors.Fonts": "1.0.0"
        }
      },
      "DalamudPackager": {
        "type": "Direct",
        "requested": "[15.0.0, )",
        "resolved": "15.0.0",
        "contentHash": "411vwC8/X8Z/sQ2TI6v3SvOn66xFPeOjFn3Zn+h0d3Ox2t1kFm66AhDvmx/qcMwVrR+Hidxj0dadpQ2dgyXMBQ=="
      },
      "DotNet.ReproducibleBuilds": {
        "type": "Direct",
        "requested": "[1.2.39, )",
        "resolved": "1.2.39",
        "contentHash": "fcFN01tDTIQqDuTwr1jUQK/geofiwjG5DycJQOnC72i1SsLAk1ELe+apBOuZ11UMQG8YKFZG1FgvjZPbqHyatg=="
      },
      "Microsoft.Extensions.Logging.Abstractions": {
        "type": "Direct",
        "requested": "[8.0.2, )",
        "resolved": "8.0.2",
        "contentHash": "nroMDjS7hNBPtkZqVBbSiQaQjWRDxITI8Y7XnDs97rqG3EbzVTNLZQf7bIeUJcaHOV8bca47s1Uxq94+2oGdxA==",
        "dependencies": {
          "Microsoft.Extensions.DependencyInjection.Abstractions": "8.0.2"
        }
      },
      "Penumbra.Api": {
        "type": "Direct",
        "requested": "[5.15.1, )",
        "resolved": "5.15.1",
        "contentHash": "3ikk0zIOaLm2n3nZRQpW3xaRQ2cq/TOOEApNUjYXolqbyvCrZVGXhdQulcssNUbo0AMQ81l+cf7OfqRceeRBcg=="
      },
      "ClosedXML.Parser": {
        "type": "Transitive",
        "resolved": "1.2.0",
        "contentHash": "w+/0tsxABS3lkSH8EUlA7IGme+mq5T/Puf3DbOiTckmSuUpAUO2LK29oXYByCcWkBv6wcRHxgWlQb1lxkwI0Tw=="
      },
      "DocumentFormat.OpenXml": {
        "type": "Transitive",
        "resolved": "3.1.1",
        "contentHash": "2z9QBzeTLNNKWM9SaOSDMegfQk/7hDuElOsmF77pKZMkFRP/GHA/W/4yOAQD9kn15N/FsFxHn3QVYkatuZghiA==",
        "dependencies": {
          "DocumentFormat.OpenXml.Framework": "3.1.1"
        }
      },
      "DocumentFormat.OpenXml.Framework": {
        "type": "Transitive",
        "resolved": "3.1.1",
        "contentHash": "6APEp/ElZV58S/4v8mf4Ke3ONEDORs64MqdD64Z7wWpcHANB9oovQsGIwtqjnKihulOj7T0a6IxHIHOfMqKOng=="
      },
      "ExcelNumberFormat": {
        "type": "Transitive",
        "resolved": "1.1.0",
        "contentHash": "R3BVHPs9O+RkExbZYTGT0+9HLbi8ZrNij1Yziyw6znd3J7P3uoIR07uwTLGOogtz1p6+0sna66eBoXu7tBiVQA=="
      },
      "Microsoft.Extensions.DependencyInjection.Abstractions": {
        "type": "Transitive",
        "resolved": "8.0.2",
        "contentHash": "3iE7UF7MQkCv1cxzCahz+Y/guQbTqieyxyaWKhrRO91itI9cOKO76OHeQDahqG4MmW5umr3CcCvGmK92lWNlbg=="
      },
      "RBush": {
        "type": "Transitive",
        "resolved": "4.0.0",
        "contentHash": "j3GeRxxLUQdc+UrZnvythdQxi3bd8ayn87VDjfGXrvfodF550n9wR6SgQvpo+YiAv3GJezsu6lK0l47rRqnbdg=="
      },
      "SixLabors.Fonts": {
        "type": "Transitive",
        "resolved": "1.0.0",
        "contentHash": "LFQsCZlV0xlUyXAOMUo5kkSl+8zAQXXbbdwWchtk0B4o7zotZhQsQOcJUELGHdfPfm/xDAsz6hONAuV25bJaAg=="
      }
    }
  }
}